
Microsoft Visual Studio Solution File, Format Version 12.00
# Visual Studio 15
VisualStudioVersion = 15.0.28010.2003
MinimumVisualStudioVersion = 10.0.40219.1
Project("{FAE04EC0-301F-11D3-BF4B-00C04F79EFBC}") = "GingerShellPlugin", "GingerShellPlugin\GingerShellPlugin.csproj", "{EEE214A1-60E1-4DBF-AB29-F0B570D5A9F7}"
EndProject
Project("{FAE04EC0-301F-11D3-BF4B-00C04F79EFBC}") = "GingerShellPluginTest", "GingerShellPluginTest\GingerShellPluginTest.csproj", "{5F58976D-EED9-42BD-B3F5-5A50AC6B61AA}"
EndProject
Project("{FAE04EC0-301F-11D3-BF4B-00C04F79EFBC}") = "GingerShellPluginConsole", "GingerShellPluginConsole\GingerShellPluginConsole.csproj", "{EF2224CF-805C-4B39-A8DD-8DC038470910}"
EndProject
Global
	GlobalSection(SolutionConfigurationPlatforms) = preSolution
		Debug|Any CPU = Debug|Any CPU
		Release|Any CPU = Release|Any CPU
	EndGlobalSection
	GlobalSection(ProjectConfigurationPlatforms) = postSolution
		{EEE214A1-60E1-4DBF-AB29-F0B570D5A9F7}.Debug|Any CPU.ActiveCfg = Debug|Any CPU
		{EEE214A1-60E1-4DBF-AB29-F0B570D5A9F7}.Debug|Any CPU.Build.0 = Debug|Any CPU
		{EEE214A1-60E1-4DBF-AB29-F0B570D5A9F7}.Release|Any CPU.ActiveCfg = Release|Any CPU
		{EEE214A1-60E1-4DBF-AB29-F0B570D5A9F7}.Release|Any CPU.Build.0 = Release|Any CPU
		{5F58976D-EED9-42BD-B3F5-5A50AC6B61AA}.Debug|Any CPU.ActiveCfg = Debug|Any CPU
		{5F58976D-EED9-42BD-B3F5-5A50AC6B61AA}.Debug|Any CPU.Build.0 = Debug|Any CPU
		{5F58976D-EED9-42BD-B3F5-5A50AC6B61AA}.Release|Any CPU.ActiveCfg = Release|Any CPU
		{5F58976D-EED9-42BD-B3F5-5A50AC6B61AA}.Release|Any CPU.Build.0 = Release|Any CPU
		{EF2224CF-805C-4B39-A8DD-8DC038470910}.Debug|Any CPU.ActiveCfg = Debug|Any CPU
		{EF2224CF-805C-4B39-A8DD-8DC038470910}.Debug|Any CPU.Build.0 = Debug|Any CPU
		{EF2224CF-805C-4B39-A8DD-8DC038470910}.Release|Any CPU.ActiveCfg = Release|Any CPU
		{EF2224CF-805C-4B39-A8DD-8DC038470910}.Release|Any CPU.Build.0 = Release|Any CPU
	EndGlobalSection
	GlobalSection(SolutionProperties) = preSolution
		HideSolutionNode = FALSE
	EndGlobalSection
	GlobalSection(ExtensibilityGlobals) = postSolution
		SolutionGuid = {550D5963-E3B8-463E-B534-4D91CC957B3E}
	EndGlobalSection
EndGlobal
